{
    "_readme": [
        "This file locks the dependencies of your project to a known state",
        "Read more about it at https://getcomposer.org/doc/01-basic-usage.md#installing-dependencies",
        "This file is @generated automatically"
    ],
    "content-hash": "297c37bbaad4ef50db5b284f966f1ded",
    "packages": [
        {
            "name": "aristath/kirki",
            "version": "v3.1.0",
            "source": {
                "type": "git",
                "url": "https://github.com/aristath/kirki.git",
                "reference": "8fffee314c70e67a8844c0b863aca7bb45ee105b"
            },
            "dist": {
                "type": "zip",
                "url": "https://api.github.com/repos/aristath/kirki/zipball/8fffee314c70e67a8844c0b863aca7bb45ee105b",
                "reference": "8fffee314c70e67a8844c0b863aca7bb45ee105b",
                "shasum": ""
            },
            "require": {
                "php": ">=5.2"
            },
            "require-dev": {
                "codacy/coverage": "dev-master",
                "composer/installers": "*",
                "dealerdirect/phpcodesniffer-composer-installer": "*",
                "php-coveralls/php-coveralls": "^2.0",
                "phpcompatibility/phpcompatibility-wp": "*",
                "phpunit/phpunit": "*",
                "wp-coding-standards/wpcs": "*"
            },
            "type": "library",
            "notification-url": "https://packagist.org/downloads/",
            "include-path": [
                ".",
                "core"
            ],
            "license": [
                "MIT"
            ],
            "authors": [
                {
                    "name": "aristath",
                    "email": "aristath@gmail.com",
                    "homepage": "https://aristath.github.io",
                    "role": "Developer"
                }
            ],
            "description": "Extending the WordPress customizer",
            "homepage": "https://kirki.org",
            "keywords": [
                "customizer",
                "wordpress"
            ],
            "time": "2020-03-01T14:46:32+00:00"
        },
        {
            "name": "vunamhung/wptoolkit",
            "version": "0.9.19",
            "source": {
                "type": "git",
                "url": "https://github.com/vunamhung/wptoolkit.git",
                "reference": "c7dab066db57ac2f0eaa556f3fa00ae930c37411"
            },
            "dist": {
                "type": "zip",
                "url": "https://api.github.com/repos/vunamhung/wptoolkit/zipball/c7dab066db57ac2f0eaa556f3fa00ae930c37411",
                "reference": "c7dab066db57ac2f0eaa556f3fa00ae930c37411",
                "shasum": ""
            },
            "require": {
                "php": ">=5.6.0"
            },
            "type": "library",
            "autoload": {
                "files": [
                    "bootstrap.php",
                    "helpers/theme.php",
                    "helpers/global.php",
                    "helpers/core.php",
                    "helpers/conditional.php",
                    "helpers/general.php",
                    "helpers/array.php",
                    "helpers/woo.php",
                    "helpers/http.php"
                ],
                "psr-4": {
                    "vnh\\": "."
                }
            },
            "notification-url": "https://packagist.org/downloads/",
            "license": [
                "GPL-3.0+"
            ],
            "authors": [
                {
                    "name": "Vu Nam Hung",
                    "email": "vunamhung@gmail.com",
                    "homepage": "https://github.com/vunamhung/",
                    "role": "Lead Developer"
                }
            ],
            "description": "This is a toolkit for WordPress developer.",
            "homepage": "https://github.com/vunamhung/wptoolkit",
            "keywords": [
                "toolkit",
                "wordpress"
            ],
            "time": "2020-03-03T01:10:42+00:00"
        }
    ],
    "packages-dev": [],
    "aliases": [],
    "minimum-stability": "stable",
    "stability-flags": [],
    "prefer-stable": false,
    "prefer-lowest": false,
    "platform": {
        "php": ">=5.6.0"
    },
    "platform-dev": []
}
